
Microsoft Visual Studio Solution File, Format Version 12.00
# Visual Studio Version 17
VisualStudioVersion = 17.0.31903.59
MinimumVisualStudioVersion = 10.0.40219.1
Project("{FAE04EC0-301F-11D3-BF4B-00C04F79EFBC}") = "Bank.Domain", "Bank.Domain\Bank.Domain.csproj", "{753D606A-56BD-4A05-B36B-608F3A7F04FB}"
EndProject
Project("{FAE04EC0-301F-11D3-BF4B-00C04F79EFBC}") = "Bank.Domain.Tests", "Bank.Domain.Tests\Bank.Domain.Tests.csproj", "{256A3F0C-EC19-42F8-9CF0-BE1956047D09}"
EndProject
Global
	GlobalSection(SolutionConfigurationPlatforms) = preSolution
		Debug|Any CPU = Debug|Any CPU
		Release|Any CPU = Release|Any CPU
	EndGlobalSection
	GlobalSection(SolutionProperties) = preSolution
		HideSolutionNode = FALSE
	EndGlobalSection
	GlobalSection(ProjectConfigurationPlatforms) = postSolution
		{753D606A-56BD-4A05-B36B-608F3A7F04FB}.Debug|Any CPU.ActiveCfg = Debug|Any CPU
		{753D606A-56BD-4A05-B36B-608F3A7F04FB}.Debug|Any CPU.Build.0 = Debug|Any CPU
		{753D606A-56BD-4A05-B36B-608F3A7F04FB}.Release|Any CPU.ActiveCfg = Release|Any CPU
		{753D606A-56BD-4A05-B36B-608F3A7F04FB}.Release|Any CPU.Build.0 = Release|Any CPU
		{256A3F0C-EC19-42F8-9CF0-BE1956047D09}.Debug|Any CPU.ActiveCfg = Debug|Any CPU
		{256A3F0C-EC19-42F8-9CF0-BE1956047D09}.Debug|Any CPU.Build.0 = Debug|Any CPU
		{256A3F0C-EC19-42F8-9CF0-BE1956047D09}.Release|Any CPU.ActiveCfg = Release|Any CPU
		{256A3F0C-EC19-42F8-9CF0-BE1956047D09}.Release|Any CPU.Build.0 = Release|Any CPU
	EndGlobalSection
EndGlobal
